// !$*UTF8*$!
{
	archiveVersion = 1;
	classes = {
	};
	objectVersion = 46;
	objects = {

/* Begin PBXBuildFile section */
		ED7B43D31F306B6A0094194A /* AppDelegate.swift in Sources */ = {isa = PBXBuildFile; fileRef = ED7B43D21F306B6A0094194A /* AppDelegate.swift */; };
		ED7B43DA1F306B6A0094194A /* Assets.xcassets in Resources */ = {isa = PBXBuildFile; fileRef = ED7B43D91F306B6A0094194A /* Assets.xcassets */; };
		ED7B43DD1F306B6A0094194A /* LaunchScreen.storyboard in Resources */ = {isa = PBXBuildFile; fileRef = ED7B43DB1F306B6A0094194A /* LaunchScreen.storyboard */; };
		ED7B43E91F306BBC0094194A /* GHWConfig.swift in Sources */ = {isa = PBXBuildFile; fileRef = ED7B43E81F306BBC0094194A /* GHWConfig.swift */; };
		ED7B43EB1F306D320094194A /* GHWMainViewController.swift in Sources */ = {isa = PBXBuildFile; fileRef = ED7B43EA1F306D320094194A /* GHWMainViewController.swift */; };
		ED7B43ED1F306DAB0094194A /* GHWHeadView.swift in Sources */ = {isa = PBXBuildFile; fileRef = ED7B43EC1F306DAB0094194A /* GHWHeadView.swift */; };
		ED7B43EF1F30702D0094194A /* Province.plist in Resources */ = {isa = PBXBuildFile; fileRef = ED7B43EE1F30702D0094194A /* Province.plist */; };
/* End PBXBuildFile section */

/* Begin PBXFileReference section */
		ED7B43CF1F306B6A0094194A /* 16GHWMultiLevelMenu.app */ = {isa = PBXFileReference; explicitFileType = wrapper.application; includeInIndex = 0; path = 16GHWMultiLevelMenu.app; sourceTree = BUILT_PRODUCTS_DIR; };
		ED7B43D21F306B6A0094194A /* AppDelegate.swift */ = {isa = PBXFileReference; lastKnownFileType = sourcecode.swift; path = AppDelegate.swift; sourceTree = "<group>"; };
		ED7B43D91F306B6A0094194A /* Assets.xcassets */ = {isa = PBXFileReference; lastKnownFileType = folder.assetcatalog; path = Assets.xcassets; sourceTree = "<group>"; };
		ED7B43DC1F306B6A0094194A /* Base */ = {isa = PBXFileReference; lastKnownFileType = file.storyboard; name = Base; path = Base.lproj/LaunchScreen.storyboard; sourceTree = "<group>"; };
		ED7B43DE1F306B6A0094194A /* Info.plist */ = {isa = PBXFileReference; lastKnownFileType = text.plist.xml; path = Info.plist; sourceTree = "<group>"; };
		ED7B43E81F306BBC0094194A /* GHWConfig.swift */ = {isa = PBXFileReference; fileEncoding = 4; lastKnownFileType = sourcecode.swift; path = GHWConfig.swift; sourceTree = "<group>"; };
		ED7B43EA1F306D320094194A /* GHWMainViewController.swift */ = {isa = PBXFileReference; fileEncoding = 4; lastKnownFileType = sourcecode.swift; path = GHWMainViewController.swift; sourceTree = "<group>"; };
		ED7B43EC1F306DAB0094194A /* GHWHeadView.swift */ = {isa = PBXFileReference; fileEncoding = 4; lastKnownFileType = sourcecode.swift; path = GHWHeadView.swift; sourceTree = "<group>"; };
		ED7B43EE1F30702D0094194A /* Province.plist */ = {isa = PBXFileReference; fileEncoding = 4; lastKnownFileType = text.plist.xml; path = Province.plist; sourceTree = "<group>"; };
/* End PBXFileReference section */

/* Begin PBXFrameworksBuildPhase section */
		ED7B43CC1F306B6A0094194A /* Frameworks */ = {
			isa = PBXFrameworksBuildPhase;
			buildActionMask = 2147483647;
			files = (
			);
			runOnlyForDeploymentPostprocessing = 0;
		};
/* End PBXFrameworksBuildPhase section */

/* Begin PBXGroup section */
		ED7B43C61F306B6A0094194A = {
			isa = PBXGroup;
			children = (
				ED7B43D11F306B6A0094194A /* 16GHWMultiLevelMenu */,
				ED7B43D01F306B6A0094194A /* Products */,
			);
			sourceTree = "<group>";
		};
		ED7B43D01F306B6A0094194A /* Products */ = {
			isa = PBXGroup;
			children = (
				ED7B43CF1F306B6A0094194A /* 16GHWMultiLevelMenu.app */,
			);
			name = Products;
			sourceTree = "<group>";
		};
		ED7B43D11F306B6A0094194A /* 16GHWMultiLevelMenu */ = {
			isa = PBXGroup;
			children = (
				ED7B43EE1F30702D0094194A /* Province.plist */,
				ED7B43D21F306B6A0094194A /* AppDelegate.swift */,
				ED7B43D91F306B6A0094194A /* Assets.xcassets */,
				ED7B43DB1F306B6A0094194A /* LaunchScreen.storyboard */,
				ED7B43DE1F306B6A0094194A /* Info.plist */,
				ED7B43E81F306BBC0094194A /* GHWConfig.swift */,
				ED7B43EA1F306D320094194A /* GHWMainViewController.swift */,
				ED7B43EC1F306DAB0094194A /* GHWHeadView.swift */,
			);
			path = 16GHWMultiLevelMenu;
			sourceTree = "<group>";
		};
/* End PBXGroup section */

/* Begin PBXNativeTarget section */
		ED7B43CE1F306B6A0094194A /* 16GHWMultiLevelMenu */ = {
			isa = PBXNativeTarget;
			buildConfigurationList = ED7B43E11F306B6A0094194A /* Build configuration list for PBXNativeTarget "16GHWMultiLevelMenu" */;
			buildPhases = (
				ED7B43CB1F306B6A0094194A /* Sources */,
				ED7B43CC1F306B6A0094194A /* Frameworks */,
				ED7B43CD1F306B6A0094194A /* Resources */,
			);
			buildRules = (
			);
			dependencies = (
			);
			name = 16GHWMultiLevelMenu;
			productName = 16GHWMultiLevelMenu;
			productReference = ED7B43CF1F306B6A0094194A /* 16GHWMultiLevelMenu.app */;
			productType = "com.apple.product-type.application";
		};
/* End PBXNativeTarget section */

/* Begin PBXProject section */
		ED7B43C71F306B6A0094194A /* Project object */ = {
			isa = PBXProject;
			attributes = {
				LastSwiftUpdateCheck = 0830;
				LastUpgradeCheck = 0830;
				ORGANIZATIONNAME = "郭宏伟";
				TargetAttributes = {
					ED7B43CE1F306B6A0094194A = {
						CreatedOnToolsVersion = 8.3.2;
						DevelopmentTeam = 45KX2E2Q3S;
						ProvisioningStyle = Automatic;
					};
				};
			};
			buildConfigurationList = ED7B43CA1F306B6A0094194A /* Build configuration list for PBXProject "16GHWMultiLevelMenu" */;
			compatibilityVersion = "Xcode 3.2";
			developmentRegion = English;
			hasScannedForEncodings = 0;
			knownRegions = (
				en,
				Base,
			);
			mainGroup = ED7B43C61F306B6A0094194A;
			productRefGroup = ED7B43D01F306B6A0094194A /* Products */;
			projectDirPath = "";
			projectRoot = "";
			targets = (
				ED7B43CE1F306B6A0094194A /* 16GHWMultiLevelMenu */,
			);
		};
/* End PBXProject section */

/* Begin PBXResourcesBuildPhase section */
		ED7B43CD1F306B6A0094194A /* Resources */ = {
			isa = PBXResourcesBuildPhase;
			buildActionMask = 2147483647;
			files = (
				ED7B43DD1F306B6A0094194A /* LaunchScreen.storyboard in Resources */,
				ED7B43DA1F306B6A0094194A /* Assets.xcassets in Resources */,
				ED7B43EF1F30702D0094194A /* Province.plist in Resources */,
			);
			runOnlyForDeploymentPostprocessing = 0;
		};
/* End PBXResourcesBuildPhase section */

/* Begin PBXSourcesBuildPhase section */
		ED7B43CB1F306B6A0094194A /* Sources */ = {
			isa = PBXSourcesBuildPhase;
			buildActionMask = 2147483647;
			files = (
				ED7B43E91F306BBC0094194A /* GHWConfig.swift in Sources */,
				ED7B43EB1F306D320094194A /* GHWMainViewController.swift in Sources */,
				ED7B43D31F306B6A0094194A /* AppDelegate.swift in Sources */,
				ED7B43ED1F306DAB0094194A /* GHWHeadView.swift in Sources */,
			);
			runOnlyForDeploymentPostprocessing = 0;
		};
/* End PBXSourcesBuildPhase section */

/* Begin PBXVariantGroup section */
		ED7B43DB1F306B6A0094194A /* LaunchScreen.storyboard */ = {
			isa = PBXVariantGroup;
			children = (
				ED7B43DC1F306B6A0094194A /* Base */,
			);
			name = LaunchScreen.storyboard;
			sourceTree = "<group>";
		};
/* End PBXVariantGroup section */

/* Begin XCBuildConfiguration section */
		ED7B43DF1F306B6A0094194A /* Debug */ = {
			isa = XCBuildConfiguration;
			buildSettings = {
				ALWAYS_SEARCH_USER_PATHS = NO;
				CLANG_ANALYZER_NONNULL = YES;
				CLANG_ANALYZER_NUMBER_OBJECT_CONVERSION = YES_AGGRESSIVE;
				CLANG_CXX_LANGUAGE_STANDARD = "gnu++0x";
				CLANG_CXX_LIBRARY = "libc++";
				CLANG_ENABLE_MODULES = YES;
				CLANG_ENABLE_OBJC_ARC = YES;
				CLANG_WARN_BOOL_CONVERSION = YES;
				CLANG_WARN_CONSTANT_CONVERSION = YES;
				CLANG_WARN_DIRECT_OBJC_ISA_USAGE = YES_ERROR;
				CLANG_WARN_DOCUMENTATION_COMMENTS = YES;
				CLANG_WARN_EMPTY_BODY = YES;
				CLANG_WARN_ENUM_CONVERSION = YES;
				CLANG_WARN_INFINITE_RECURSION = YES;
				CLANG_WARN_INT_CONVERSION = YES;
				CLANG_WARN_OBJC_ROOT_CLASS = YES_ERROR;
				CLANG_WARN_SUSPICIOUS_MOVE = YES;
				CLANG_WARN_UNREACHABLE_CODE = YES;
				CLANG_WARN__DUPLICATE_METHOD_MATCH = YES;
				"CODE_SIGN_IDENTITY[sdk=iphoneos*]" = "iPhone Developer";
				COPY_PHASE_STRIP = NO;
				DEBUG_INFORMATION_FORMAT = dwarf;
				ENABLE_STRICT_OBJC_MSGSEND = YES;
				ENABLE_TESTABILITY = YES;
				GCC_C_LANGUAGE_STANDARD = gnu99;
				GCC_DYNAMIC_NO_PIC = NO;
				GCC_NO_COMMON_BLOCKS = YES;
				GCC_OPTIMIZATION_LEVEL = 0;
				GCC_PREPROCESSOR_DEFINITIONS = (
					"DEBUG=1",
					"$(inherited)",
				);
				GCC_WARN_64_TO_32_BIT_CONVERSION = YES;
				GCC_WARN_ABOUT_RETURN_TYPE = YES_ERROR;
				GCC_WARN_UNDECLARED_SELECTOR = YES;
				GCC_WARN_UNINITIALIZED_AUTOS = YES_AGGRESSIVE;
				GCC_WARN_UNUSED_FUNCTION = YES;
				GCC_WARN_UNUSED_VARIABLE = YES;
				IPHONEOS_DEPLOYMENT_TARGET = 10.3;
				MTL_ENABLE_DEBUG_INFO = YES;
				ONLY_ACTIVE_ARCH = YES;
				SDKROOT = iphoneos;
				SWIFT_ACTIVE_COMPILATION_CONDITIONS = DEBUG;
				SWIFT_OPTIMIZATION_LEVEL = "-Onone";
			};
			name = Debug;
		};
		ED7B43E01F306B6A0094194A /* Release */ = {
			isa = XCBuildConfiguration;
			buildSettings = {
				ALWAYS_SEARCH_USER_PATHS = NO;
				CLANG_ANALYZER_NONNULL = YES;
				CLANG_ANALYZER_NUMBER_OBJECT_CONVERSION = YES_AGGRESSIVE;
				CLANG_CXX_LANGUAGE_STANDARD = "gnu++0x";
				CLANG_CXX_LIBRARY = "libc++";
				CLANG_ENABLE_MODULES = YES;
				CLANG_ENABLE_OBJC_ARC = YES;
				CLANG_WARN_BOOL_CONVERSION = YES;
				CLANG_WARN_CONSTANT_CONVERSION = YES;
				CLANG_WARN_DIRECT_OBJC_ISA_USAGE = YES_ERROR;
				CLANG_WARN_DOCUMENTATION_COMMENTS = YES;
				CLANG_WARN_EMPTY_BODY = YES;
				CLANG_WARN_ENUM_CONVERSION = YES;
				CLANG_WARN_INFINITE_RECURSION = YES;
				CLANG_WARN_INT_CONVERSION = YES;
				CLANG_WARN_OBJC_ROOT_CLASS = YES_ERROR;
				CLANG_WARN_SUSPICIOUS_MOVE = YES;
				CLANG_WARN_UNREACHABLE_CODE = YES;
				CLANG_WARN__DUPLICATE_METHOD_MATCH = YES;
				"CODE_SIGN_IDENTITY[sdk=iphoneos*]" = "iPhone Developer";
				COPY_PHASE_STRIP = NO;
				DEBUG_INFORMATION_FORMAT = "dwarf-with-dsym";
				ENABLE_NS_ASSERTIONS = NO;
				ENABLE_STRICT_OBJC_MSGSEND = YES;
				GCC_C_LANGUAGE_STANDARD = gnu99;
				GCC_NO_COMMON_BLOCKS = YES;
				GCC_WARN_64_TO_32_BIT_CONVERSION = YES;
				GCC_WARN_ABOUT_RETURN_TYPE = YES_ERROR;
				GCC_WARN_UNDECLARED_SELECTOR = YES;
				GCC_WARN_UNINITIALIZED_AUTOS = YES_AGGRESSIVE;
				GCC_WARN_UNUSED_FUNCTION = YES;
				GCC_WARN_UNUSED_VARIABLE = YES;
				IPHONEOS_DEPLOYMENT_TARGET = 10.3;
				MTL_ENABLE_DEBUG_INFO = NO;
				SDKROOT = iphoneos;
				SWIFT_OPTIMIZATION_LEVEL = "-Owholemodule";
				VALIDATE_PRODUCT = YES;
			};
			name = Release;
		};
		ED7B43E21F306B6A0094194A /* Debug */ = {
			isa = XCBuildConfiguration;
			buildSettings = {
				ASSETCATALOG_COMPILER_APPICON_NAME = AppIcon;
				DEVELOPMENT_TEAM = 45KX2E2Q3S;
				INFOPLIST_FILE = 16GHWMultiLevelMenu/Info.plist;
				LD_RUNPATH_SEARCH_PATHS = "$(inherited) @executable_path/Frameworks";
				PRODUCT_BUNDLE_IDENTIFIER = "com.eLab.guohongwei.-6GHWMultiLevelMenu";
				PRODUCT_NAME = "$(TARGET_NAME)";
				SWIFT_VERSION = 3.0;
			};
			name = Debug;
		};
		ED7B43E31F306B6A0094194A /* Release */ = {
			isa = XCBuildConfiguration;
			buildSettings = {
				ASSETCATALOG_COMPILER_APPICON_NAME = AppIcon;
				DEVELOPMENT_TEAM = 45KX2E2Q3S;
				INFOPLIST_FILE = 16GHWMultiLevelMenu/Info.plist;
				LD_RUNPATH_SEARCH_PATHS = "$(inherited) @executable_path/Frameworks";
				PRODUCT_BUNDLE_IDENTIFIER = "com.eLab.guohongwei.-6GHWMultiLevelMenu";
				PRODUCT_NAME = "$(TARGET_NAME)";
				SWIFT_VERSION = 3.0;
			};
			name = Release;
		};
/* End XCBuildConfiguration section */

/* Begin XCConfigurationList section */
		ED7B43CA1F306B6A0094194A /* Build configuration list for PBXProject "16GHWMultiLevelMenu" */ = {
			isa = XCConfigurationList;
			buildConfigurations = (
				ED7B43DF1F306B6A0094194A /* Debug */,
				ED7B43E01F306B6A0094194A /* Release */,
			);
			defaultConfigurationIsVisible = 0;
			defaultConfigurationName = Release;
		};
		ED7B43E11F306B6A0094194A /* Build configuration list for PBXNativeTarget "16GHWMultiLevelMenu" */ = {
			isa = XCConfigurationList;
			buildConfigurations = (
				ED7B43E21F306B6A0094194A /* Debug */,
				ED7B43E31F306B6A0094194A /* Release */,
			);
			defaultConfigurationIsVisible = 0;
		};
/* End XCConfigurationList section */
	};
	rootObject = ED7B43C71F306B6A0094194A /* Project object */;
}
