// !$*UTF8*$!
{
	archiveVersion = 1;
	classes = {
	};
	objectVersion = 46;
	objects = {

/* Begin PBXBuildFile section */
		ED6802CF1F27162B00569ACD /* AppDelegate.swift in Sources */ = {isa = PBXBuildFile; fileRef = ED6802CE1F27162B00569ACD /* AppDelegate.swift */; };
		ED6802D61F27162B00569ACD /* Assets.xcassets in Resources */ = {isa = PBXBuildFile; fileRef = ED6802D51F27162B00569ACD /* Assets.xcassets */; };
		ED6802D91F27162B00569ACD /* LaunchScreen.storyboard in Resources */ = {isa = PBXBuildFile; fileRef = ED6802D71F27162B00569ACD /* LaunchScreen.storyboard */; };
		ED6802E11F27166300569ACD /* GHWMainViewController.swift in Sources */ = {isa = PBXBuildFile; fileRef = ED6802E01F27166300569ACD /* GHWMainViewController.swift */; };
		ED6802E31F27168500569ACD /* GHWConfig.swift in Sources */ = {isa = PBXBuildFile; fileRef = ED6802E21F27168500569ACD /* GHWConfig.swift */; };
		ED6802E51F27174F00569ACD /* emoji zone.mp4 in Resources */ = {isa = PBXBuildFile; fileRef = ED6802E41F27174F00569ACD /* emoji zone.mp4 */; };
		ED6802E71F2720B400569ACD /* GHWVideoCell.swift in Sources */ = {isa = PBXBuildFile; fileRef = ED6802E61F2720B400569ACD /* GHWVideoCell.swift */; };
/* End PBXBuildFile section */

/* Begin PBXFileReference section */
		ED6802CB1F27162B00569ACD /* GHWPlayLocalVideo.app */ = {isa = PBXFileReference; explicitFileType = wrapper.application; includeInIndex = 0; path = GHWPlayLocalVideo.app; sourceTree = BUILT_PRODUCTS_DIR; };
		ED6802CE1F27162B00569ACD /* AppDelegate.swift */ = {isa = PBXFileReference; lastKnownFileType = sourcecode.swift; path = AppDelegate.swift; sourceTree = "<group>"; };
		ED6802D51F27162B00569ACD /* Assets.xcassets */ = {isa = PBXFileReference; lastKnownFileType = folder.assetcatalog; path = Assets.xcassets; sourceTree = "<group>"; };
		ED6802D81F27162B00569ACD /* Base */ = {isa = PBXFileReference; lastKnownFileType = file.storyboard; name = Base; path = Base.lproj/LaunchScreen.storyboard; sourceTree = "<group>"; };
		ED6802DA1F27162B00569ACD /* Info.plist */ = {isa = PBXFileReference; lastKnownFileType = text.plist.xml; path = Info.plist; sourceTree = "<group>"; };
		ED6802E01F27166300569ACD /* GHWMainViewController.swift */ = {isa = PBXFileReference; fileEncoding = 4; lastKnownFileType = sourcecode.swift; path = GHWMainViewController.swift; sourceTree = "<group>"; };
		ED6802E21F27168500569ACD /* GHWConfig.swift */ = {isa = PBXFileReference; fileEncoding = 4; lastKnownFileType = sourcecode.swift; path = GHWConfig.swift; sourceTree = "<group>"; };
		ED6802E41F27174F00569ACD /* emoji zone.mp4 */ = {isa = PBXFileReference; lastKnownFileType = file; path = "emoji zone.mp4"; sourceTree = "<group>"; };
		ED6802E61F2720B400569ACD /* GHWVideoCell.swift */ = {isa = PBXFileReference; fileEncoding = 4; lastKnownFileType = sourcecode.swift; path = GHWVideoCell.swift; sourceTree = "<group>"; };
/* End PBXFileReference section */

/* Begin PBXFrameworksBuildPhase section */
		ED6802C81F27162B00569ACD /* Frameworks */ = {
			isa = PBXFrameworksBuildPhase;
			buildActionMask = 2147483647;
			files = (
			);
			runOnlyForDeploymentPostprocessing = 0;
		};
/* End PBXFrameworksBuildPhase section */

/* Begin PBXGroup section */
		ED6802C21F27162B00569ACD = {
			isa = PBXGroup;
			children = (
				ED6802CD1F27162B00569ACD /* GHWPlayLocalVideo */,
				ED6802CC1F27162B00569ACD /* Products */,
			);
			sourceTree = "<group>";
		};
		ED6802CC1F27162B00569ACD /* Products */ = {
			isa = PBXGroup;
			children = (
				ED6802CB1F27162B00569ACD /* GHWPlayLocalVideo.app */,
			);
			name = Products;
			sourceTree = "<group>";
		};
		ED6802CD1F27162B00569ACD /* GHWPlayLocalVideo */ = {
			isa = PBXGroup;
			children = (
				ED6802E41F27174F00569ACD /* emoji zone.mp4 */,
				ED6802CE1F27162B00569ACD /* AppDelegate.swift */,
				ED6802D51F27162B00569ACD /* Assets.xcassets */,
				ED6802D71F27162B00569ACD /* LaunchScreen.storyboard */,
				ED6802DA1F27162B00569ACD /* Info.plist */,
				ED6802E01F27166300569ACD /* GHWMainViewController.swift */,
				ED6802E21F27168500569ACD /* GHWConfig.swift */,
				ED6802E61F2720B400569ACD /* GHWVideoCell.swift */,
			);
			path = GHWPlayLocalVideo;
			sourceTree = "<group>";
		};
/* End PBXGroup section */

/* Begin PBXNativeTarget section */
		ED6802CA1F27162B00569ACD /* GHWPlayLocalVideo */ = {
			isa = PBXNativeTarget;
			buildConfigurationList = ED6802DD1F27162B00569ACD /* Build configuration list for PBXNativeTarget "GHWPlayLocalVideo" */;
			buildPhases = (
				ED6802C71F27162B00569ACD /* Sources */,
				ED6802C81F27162B00569ACD /* Frameworks */,
				ED6802C91F27162B00569ACD /* Resources */,
			);
			buildRules = (
			);
			dependencies = (
			);
			name = GHWPlayLocalVideo;
			productName = GHWPlayLocalVideo;
			productReference = ED6802CB1F27162B00569ACD /* GHWPlayLocalVideo.app */;
			productType = "com.apple.product-type.application";
		};
/* End PBXNativeTarget section */

/* Begin PBXProject section */
		ED6802C31F27162B00569ACD /* Project object */ = {
			isa = PBXProject;
			attributes = {
				LastSwiftUpdateCheck = 0830;
				LastUpgradeCheck = 0830;
				ORGANIZATIONNAME = "郭宏伟";
				TargetAttributes = {
					ED6802CA1F27162B00569ACD = {
						CreatedOnToolsVersion = 8.3.2;
						DevelopmentTeam = 45KX2E2Q3S;
						ProvisioningStyle = Automatic;
					};
				};
			};
			buildConfigurationList = ED6802C61F27162B00569ACD /* Build configuration list for PBXProject "GHWPlayLocalVideo" */;
			compatibilityVersion = "Xcode 3.2";
			developmentRegion = English;
			hasScannedForEncodings = 0;
			knownRegions = (
				en,
				Base,
			);
			mainGroup = ED6802C21F27162B00569ACD;
			productRefGroup = ED6802CC1F27162B00569ACD /* Products */;
			projectDirPath = "";
			projectRoot = "";
			targets = (
				ED6802CA1F27162B00569ACD /* GHWPlayLocalVideo */,
			);
		};
/* End PBXProject section */

/* Begin PBXResourcesBuildPhase section */
		ED6802C91F27162B00569ACD /* Resources */ = {
			isa = PBXResourcesBuildPhase;
			buildActionMask = 2147483647;
			files = (
				ED6802E51F27174F00569ACD /* emoji zone.mp4 in Resources */,
				ED6802D91F27162B00569ACD /* LaunchScreen.storyboard in Resources */,
				ED6802D61F27162B00569ACD /* Assets.xcassets in Resources */,
			);
			runOnlyForDeploymentPostprocessing = 0;
		};
/* End PBXResourcesBuildPhase section */

/* Begin PBXSourcesBuildPhase section */
		ED6802C71F27162B00569ACD /* Sources */ = {
			isa = PBXSourcesBuildPhase;
			buildActionMask = 2147483647;
			files = (
				ED6802E31F27168500569ACD /* GHWConfig.swift in Sources */,
				ED6802E11F27166300569ACD /* GHWMainViewController.swift in Sources */,
				ED6802E71F2720B400569ACD /* GHWVideoCell.swift in Sources */,
				ED6802CF1F27162B00569ACD /* AppDelegate.swift in Sources */,
			);
			runOnlyForDeploymentPostprocessing = 0;
		};
/* End PBXSourcesBuildPhase section */

/* Begin PBXVariantGroup section */
		ED6802D71F27162B00569ACD /* LaunchScreen.storyboard */ = {
			isa = PBXVariantGroup;
			children = (
				ED6802D81F27162B00569ACD /* Base */,
			);
			name = LaunchScreen.storyboard;
			sourceTree = "<group>";
		};
/* End PBXVariantGroup section */

/* Begin XCBuildConfiguration section */
		ED6802DB1F27162B00569ACD /* Debug */ = {
			isa = XCBuildConfiguration;
			buildSettings = {
				ALWAYS_SEARCH_USER_PATHS = NO;
				CLANG_ANALYZER_NONNULL = YES;
				CLANG_ANALYZER_NUMBER_OBJECT_CONVERSION = YES_AGGRESSIVE;
				CLANG_CXX_LANGUAGE_STANDARD = "gnu++0x";
				CLANG_CXX_LIBRARY = "libc++";
				CLANG_ENABLE_MODULES = YES;
				CLANG_ENABLE_OBJC_ARC = YES;
				CLANG_WARN_BOOL_CONVERSION = YES;
				CLANG_WARN_CONSTANT_CONVERSION = YES;
				CLANG_WARN_DIRECT_OBJC_ISA_USAGE = YES_ERROR;
				CLANG_WARN_DOCUMENTATION_COMMENTS = YES;
				CLANG_WARN_EMPTY_BODY = YES;
				CLANG_WARN_ENUM_CONVERSION = YES;
				CLANG_WARN_INFINITE_RECURSION = YES;
				CLANG_WARN_INT_CONVERSION = YES;
				CLANG_WARN_OBJC_ROOT_CLASS = YES_ERROR;
				CLANG_WARN_SUSPICIOUS_MOVE = YES;
				CLANG_WARN_UNREACHABLE_CODE = YES;
				CLANG_WARN__DUPLICATE_METHOD_MATCH = YES;
				"CODE_SIGN_IDENTITY[sdk=iphoneos*]" = "iPhone Developer";
				COPY_PHASE_STRIP = NO;
				DEBUG_INFORMATION_FORMAT = dwarf;
				ENABLE_STRICT_OBJC_MSGSEND = YES;
				ENABLE_TESTABILITY = YES;
				GCC_C_LANGUAGE_STANDARD = gnu99;
				GCC_DYNAMIC_NO_PIC = NO;
				GCC_NO_COMMON_BLOCKS = YES;
				GCC_OPTIMIZATION_LEVEL = 0;
				GCC_PREPROCESSOR_DEFINITIONS = (
					"DEBUG=1",
					"$(inherited)",
				);
				GCC_WARN_64_TO_32_BIT_CONVERSION = YES;
				GCC_WARN_ABOUT_RETURN_TYPE = YES_ERROR;
				GCC_WARN_UNDECLARED_SELECTOR = YES;
				GCC_WARN_UNINITIALIZED_AUTOS = YES_AGGRESSIVE;
				GCC_WARN_UNUSED_FUNCTION = YES;
				GCC_WARN_UNUSED_VARIABLE = YES;
				IPHONEOS_DEPLOYMENT_TARGET = 10.3;
				MTL_ENABLE_DEBUG_INFO = YES;
				ONLY_ACTIVE_ARCH = YES;
				SDKROOT = iphoneos;
				SWIFT_ACTIVE_COMPILATION_CONDITIONS = DEBUG;
				SWIFT_OPTIMIZATION_LEVEL = "-Onone";
			};
			name = Debug;
		};
		ED6802DC1F27162B00569ACD /* Release */ = {
			isa = XCBuildConfiguration;
			buildSettings = {
				ALWAYS_SEARCH_USER_PATHS = NO;
				CLANG_ANALYZER_NONNULL = YES;
				CLANG_ANALYZER_NUMBER_OBJECT_CONVERSION = YES_AGGRESSIVE;
				CLANG_CXX_LANGUAGE_STANDARD = "gnu++0x";
				CLANG_CXX_LIBRARY = "libc++";
				CLANG_ENABLE_MODULES = YES;
				CLANG_ENABLE_OBJC_ARC = YES;
				CLANG_WARN_BOOL_CONVERSION = YES;
				CLANG_WARN_CONSTANT_CONVERSION = YES;
				CLANG_WARN_DIRECT_OBJC_ISA_USAGE = YES_ERROR;
				CLANG_WARN_DOCUMENTATION_COMMENTS = YES;
				CLANG_WARN_EMPTY_BODY = YES;
				CLANG_WARN_ENUM_CONVERSION = YES;
				CLANG_WARN_INFINITE_RECURSION = YES;
				CLANG_WARN_INT_CONVERSION = YES;
				CLANG_WARN_OBJC_ROOT_CLASS = YES_ERROR;
				CLANG_WARN_SUSPICIOUS_MOVE = YES;
				CLANG_WARN_UNREACHABLE_CODE = YES;
				CLANG_WARN__DUPLICATE_METHOD_MATCH = YES;
				"CODE_SIGN_IDENTITY[sdk=iphoneos*]" = "iPhone Developer";
				COPY_PHASE_STRIP = NO;
				DEBUG_INFORMATION_FORMAT = "dwarf-with-dsym";
				ENABLE_NS_ASSERTIONS = NO;
				ENABLE_STRICT_OBJC_MSGSEND = YES;
				GCC_C_LANGUAGE_STANDARD = gnu99;
				GCC_NO_COMMON_BLOCKS = YES;
				GCC_WARN_64_TO_32_BIT_CONVERSION = YES;
				GCC_WARN_ABOUT_RETURN_TYPE = YES_ERROR;
				GCC_WARN_UNDECLARED_SELECTOR = YES;
				GCC_WARN_UNINITIALIZED_AUTOS = YES_AGGRESSIVE;
				GCC_WARN_UNUSED_FUNCTION = YES;
				GCC_WARN_UNUSED_VARIABLE = YES;
				IPHONEOS_DEPLOYMENT_TARGET = 10.3;
				MTL_ENABLE_DEBUG_INFO = NO;
				SDKROOT = iphoneos;
				SWIFT_OPTIMIZATION_LEVEL = "-Owholemodule";
				VALIDATE_PRODUCT = YES;
			};
			name = Release;
		};
		ED6802DE1F27162B00569ACD /* Debug */ = {
			isa = XCBuildConfiguration;
			buildSettings = {
				ASSETCATALOG_COMPILER_APPICON_NAME = AppIcon;
				DEVELOPMENT_TEAM = 45KX2E2Q3S;
				INFOPLIST_FILE = GHWPlayLocalVideo/Info.plist;
				LD_RUNPATH_SEARCH_PATHS = "$(inherited) @executable_path/Frameworks";
				PRODUCT_BUNDLE_IDENTIFIER = com.eLab.guohongwei.GHWPlayLocalVideo;
				PRODUCT_NAME = "$(TARGET_NAME)";
				SWIFT_VERSION = 3.0;
			};
			name = Debug;
		};
		ED6802DF1F27162B00569ACD /* Release */ = {
			isa = XCBuildConfiguration;
			buildSettings = {
				ASSETCATALOG_COMPILER_APPICON_NAME = AppIcon;
				DEVELOPMENT_TEAM = 45KX2E2Q3S;
				INFOPLIST_FILE = GHWPlayLocalVideo/Info.plist;
				LD_RUNPATH_SEARCH_PATHS = "$(inherited) @executable_path/Frameworks";
				PRODUCT_BUNDLE_IDENTIFIER = com.eLab.guohongwei.GHWPlayLocalVideo;
				PRODUCT_NAME = "$(TARGET_NAME)";
				SWIFT_VERSION = 3.0;
			};
			name = Release;
		};
/* End XCBuildConfiguration section */

/* Begin XCConfigurationList section */
		ED6802C61F27162B00569ACD /* Build configuration list for PBXProject "GHWPlayLocalVideo" */ = {
			isa = XCConfigurationList;
			buildConfigurations = (
				ED6802DB1F27162B00569ACD /* Debug */,
				ED6802DC1F27162B00569ACD /* Release */,
			);
			defaultConfigurationIsVisible = 0;
			defaultConfigurationName = Release;
		};
		ED6802DD1F27162B00569ACD /* Build configuration list for PBXNativeTarget "GHWPlayLocalVideo" */ = {
			isa = XCConfigurationList;
			buildConfigurations = (
				ED6802DE1F27162B00569ACD /* Debug */,
				ED6802DF1F27162B00569ACD /* Release */,
			);
			defaultConfigurationIsVisible = 0;
		};
/* End XCConfigurationList section */
	};
	rootObject = ED6802C31F27162B00569ACD /* Project object */;
}
