// !$*UTF8*$!
{
	archiveVersion = 1;
	classes = {
	};
	objectVersion = 46;
	objects = {

/* Begin PBXBuildFile section */
		ED6802A71F26E91F00569ACD /* AppDelegate.swift in Sources */ = {isa = PBXBuildFile; fileRef = ED6802A61F26E91F00569ACD /* AppDelegate.swift */; };
		ED6802AE1F26E91F00569ACD /* Assets.xcassets in Resources */ = {isa = PBXBuildFile; fileRef = ED6802AD1F26E91F00569ACD /* Assets.xcassets */; };
		ED6802B11F26E91F00569ACD /* LaunchScreen.storyboard in Resources */ = {isa = PBXBuildFile; fileRef = ED6802AF1F26E91F00569ACD /* LaunchScreen.storyboard */; };
		ED6802B91F26E95600569ACD /* GHWMainViewController.swift in Sources */ = {isa = PBXBuildFile; fileRef = ED6802B81F26E95600569ACD /* GHWMainViewController.swift */; };
		ED6802BB1F26E97800569ACD /* GHWConfig.swift in Sources */ = {isa = PBXBuildFile; fileRef = ED6802BA1F26E97800569ACD /* GHWConfig.swift */; };
		ED6802BF1F26F39300569ACD /* MFJinHei_Noncommercial-Regular.ttf in Resources */ = {isa = PBXBuildFile; fileRef = ED6802BC1F26F39300569ACD /* MFJinHei_Noncommercial-Regular.ttf */; };
		ED6802C01F26F39300569ACD /* MFTongXin_Noncommercial-Regular.ttf in Resources */ = {isa = PBXBuildFile; fileRef = ED6802BD1F26F39300569ACD /* MFTongXin_Noncommercial-Regular.ttf */; };
		ED6802C11F26F39300569ACD /* MFZhiHei_Noncommercial-Regular.ttf in Resources */ = {isa = PBXBuildFile; fileRef = ED6802BE1F26F39300569ACD /* MFZhiHei_Noncommercial-Regular.ttf */; };
/* End PBXBuildFile section */

/* Begin PBXFileReference section */
		ED6802A31F26E91F00569ACD /* GHWCustomFont.app */ = {isa = PBXFileReference; explicitFileType = wrapper.application; includeInIndex = 0; path = GHWCustomFont.app; sourceTree = BUILT_PRODUCTS_DIR; };
		ED6802A61F26E91F00569ACD /* AppDelegate.swift */ = {isa = PBXFileReference; lastKnownFileType = sourcecode.swift; path = AppDelegate.swift; sourceTree = "<group>"; };
		ED6802AD1F26E91F00569ACD /* Assets.xcassets */ = {isa = PBXFileReference; lastKnownFileType = folder.assetcatalog; path = Assets.xcassets; sourceTree = "<group>"; };
		ED6802B01F26E91F00569ACD /* Base */ = {isa = PBXFileReference; lastKnownFileType = file.storyboard; name = Base; path = Base.lproj/LaunchScreen.storyboard; sourceTree = "<group>"; };
		ED6802B21F26E91F00569ACD /* Info.plist */ = {isa = PBXFileReference; lastKnownFileType = text.plist.xml; path = Info.plist; sourceTree = "<group>"; };
		ED6802B81F26E95600569ACD /* GHWMainViewController.swift */ = {isa = PBXFileReference; fileEncoding = 4; lastKnownFileType = sourcecode.swift; path = GHWMainViewController.swift; sourceTree = "<group>"; };
		ED6802BA1F26E97800569ACD /* GHWConfig.swift */ = {isa = PBXFileReference; fileEncoding = 4; lastKnownFileType = sourcecode.swift; path = GHWConfig.swift; sourceTree = "<group>"; };
		ED6802BC1F26F39300569ACD /* MFJinHei_Noncommercial-Regular.ttf */ = {isa = PBXFileReference; lastKnownFileType = file; path = "MFJinHei_Noncommercial-Regular.ttf"; sourceTree = "<group>"; };
		ED6802BD1F26F39300569ACD /* MFTongXin_Noncommercial-Regular.ttf */ = {isa = PBXFileReference; lastKnownFileType = file; path = "MFTongXin_Noncommercial-Regular.ttf"; sourceTree = "<group>"; };
		ED6802BE1F26F39300569ACD /* MFZhiHei_Noncommercial-Regular.ttf */ = {isa = PBXFileReference; lastKnownFileType = file; path = "MFZhiHei_Noncommercial-Regular.ttf"; sourceTree = "<group>"; };
/* End PBXFileReference section */

/* Begin PBXFrameworksBuildPhase section */
		ED6802A01F26E91F00569ACD /* Frameworks */ = {
			isa = PBXFrameworksBuildPhase;
			buildActionMask = 2147483647;
			files = (
			);
			runOnlyForDeploymentPostprocessing = 0;
		};
/* End PBXFrameworksBuildPhase section */

/* Begin PBXGroup section */
		ED68029A1F26E91F00569ACD = {
			isa = PBXGroup;
			children = (
				ED6802A51F26E91F00569ACD /* GHWCustomFont */,
				ED6802A41F26E91F00569ACD /* Products */,
			);
			sourceTree = "<group>";
		};
		ED6802A41F26E91F00569ACD /* Products */ = {
			isa = PBXGroup;
			children = (
				ED6802A31F26E91F00569ACD /* GHWCustomFont.app */,
			);
			name = Products;
			sourceTree = "<group>";
		};
		ED6802A51F26E91F00569ACD /* GHWCustomFont */ = {
			isa = PBXGroup;
			children = (
				ED6802BC1F26F39300569ACD /* MFJinHei_Noncommercial-Regular.ttf */,
				ED6802BD1F26F39300569ACD /* MFTongXin_Noncommercial-Regular.ttf */,
				ED6802BE1F26F39300569ACD /* MFZhiHei_Noncommercial-Regular.ttf */,
				ED6802A61F26E91F00569ACD /* AppDelegate.swift */,
				ED6802AD1F26E91F00569ACD /* Assets.xcassets */,
				ED6802AF1F26E91F00569ACD /* LaunchScreen.storyboard */,
				ED6802B21F26E91F00569ACD /* Info.plist */,
				ED6802B81F26E95600569ACD /* GHWMainViewController.swift */,
				ED6802BA1F26E97800569ACD /* GHWConfig.swift */,
			);
			path = GHWCustomFont;
			sourceTree = "<group>";
		};
/* End PBXGroup section */

/* Begin PBXNativeTarget section */
		ED6802A21F26E91F00569ACD /* GHWCustomFont */ = {
			isa = PBXNativeTarget;
			buildConfigurationList = ED6802B51F26E91F00569ACD /* Build configuration list for PBXNativeTarget "GHWCustomFont" */;
			buildPhases = (
				ED68029F1F26E91F00569ACD /* Sources */,
				ED6802A01F26E91F00569ACD /* Frameworks */,
				ED6802A11F26E91F00569ACD /* Resources */,
			);
			buildRules = (
			);
			dependencies = (
			);
			name = GHWCustomFont;
			productName = GHWCustomFont;
			productReference = ED6802A31F26E91F00569ACD /* GHWCustomFont.app */;
			productType = "com.apple.product-type.application";
		};
/* End PBXNativeTarget section */

/* Begin PBXProject section */
		ED68029B1F26E91F00569ACD /* Project object */ = {
			isa = PBXProject;
			attributes = {
				LastSwiftUpdateCheck = 0830;
				LastUpgradeCheck = 0830;
				ORGANIZATIONNAME = "郭宏伟";
				TargetAttributes = {
					ED6802A21F26E91F00569ACD = {
						CreatedOnToolsVersion = 8.3.2;
						DevelopmentTeam = 45KX2E2Q3S;
						ProvisioningStyle = Automatic;
					};
				};
			};
			buildConfigurationList = ED68029E1F26E91F00569ACD /* Build configuration list for PBXProject "GHWCustomFont" */;
			compatibilityVersion = "Xcode 3.2";
			developmentRegion = English;
			hasScannedForEncodings = 0;
			knownRegions = (
				en,
				Base,
			);
			mainGroup = ED68029A1F26E91F00569ACD;
			productRefGroup = ED6802A41F26E91F00569ACD /* Products */;
			projectDirPath = "";
			projectRoot = "";
			targets = (
				ED6802A21F26E91F00569ACD /* GHWCustomFont */,
			);
		};
/* End PBXProject section */

/* Begin PBXResourcesBuildPhase section */
		ED6802A11F26E91F00569ACD /* Resources */ = {
			isa = PBXResourcesBuildPhase;
			buildActionMask = 2147483647;
			files = (
				ED6802BF1F26F39300569ACD /* MFJinHei_Noncommercial-Regular.ttf in Resources */,
				ED6802C11F26F39300569ACD /* MFZhiHei_Noncommercial-Regular.ttf in Resources */,
				ED6802B11F26E91F00569ACD /* LaunchScreen.storyboard in Resources */,
				ED6802C01F26F39300569ACD /* MFTongXin_Noncommercial-Regular.ttf in Resources */,
				ED6802AE1F26E91F00569ACD /* Assets.xcassets in Resources */,
			);
			runOnlyForDeploymentPostprocessing = 0;
		};
/* End PBXResourcesBuildPhase section */

/* Begin PBXSourcesBuildPhase section */
		ED68029F1F26E91F00569ACD /* Sources */ = {
			isa = PBXSourcesBuildPhase;
			buildActionMask = 2147483647;
			files = (
				ED6802BB1F26E97800569ACD /* GHWConfig.swift in Sources */,
				ED6802B91F26E95600569ACD /* GHWMainViewController.swift in Sources */,
				ED6802A71F26E91F00569ACD /* AppDelegate.swift in Sources */,
			);
			runOnlyForDeploymentPostprocessing = 0;
		};
/* End PBXSourcesBuildPhase section */

/* Begin PBXVariantGroup section */
		ED6802AF1F26E91F00569ACD /* LaunchScreen.storyboard */ = {
			isa = PBXVariantGroup;
			children = (
				ED6802B01F26E91F00569ACD /* Base */,
			);
			name = LaunchScreen.storyboard;
			sourceTree = "<group>";
		};
/* End PBXVariantGroup section */

/* Begin XCBuildConfiguration section */
		ED6802B31F26E91F00569ACD /* Debug */ = {
			isa = XCBuildConfiguration;
			buildSettings = {
				ALWAYS_SEARCH_USER_PATHS = NO;
				CLANG_ANALYZER_NONNULL = YES;
				CLANG_ANALYZER_NUMBER_OBJECT_CONVERSION = YES_AGGRESSIVE;
				CLANG_CXX_LANGUAGE_STANDARD = "gnu++0x";
				CLANG_CXX_LIBRARY = "libc++";
				CLANG_ENABLE_MODULES = YES;
				CLANG_ENABLE_OBJC_ARC = YES;
				CLANG_WARN_BOOL_CONVERSION = YES;
				CLANG_WARN_CONSTANT_CONVERSION = YES;
				CLANG_WARN_DIRECT_OBJC_ISA_USAGE = YES_ERROR;
				CLANG_WARN_DOCUMENTATION_COMMENTS = YES;
				CLANG_WARN_EMPTY_BODY = YES;
				CLANG_WARN_ENUM_CONVERSION = YES;
				CLANG_WARN_INFINITE_RECURSION = YES;
				CLANG_WARN_INT_CONVERSION = YES;
				CLANG_WARN_OBJC_ROOT_CLASS = YES_ERROR;
				CLANG_WARN_SUSPICIOUS_MOVE = YES;
				CLANG_WARN_UNREACHABLE_CODE = YES;
				CLANG_WARN__DUPLICATE_METHOD_MATCH = YES;
				"CODE_SIGN_IDENTITY[sdk=iphoneos*]" = "iPhone Developer";
				COPY_PHASE_STRIP = NO;
				DEBUG_INFORMATION_FORMAT = dwarf;
				ENABLE_STRICT_OBJC_MSGSEND = YES;
				ENABLE_TESTABILITY = YES;
				GCC_C_LANGUAGE_STANDARD = gnu99;
				GCC_DYNAMIC_NO_PIC = NO;
				GCC_NO_COMMON_BLOCKS = YES;
				GCC_OPTIMIZATION_LEVEL = 0;
				GCC_PREPROCESSOR_DEFINITIONS = (
					"DEBUG=1",
					"$(inherited)",
				);
				GCC_WARN_64_TO_32_BIT_CONVERSION = YES;
				GCC_WARN_ABOUT_RETURN_TYPE = YES_ERROR;
				GCC_WARN_UNDECLARED_SELECTOR = YES;
				GCC_WARN_UNINITIALIZED_AUTOS = YES_AGGRESSIVE;
				GCC_WARN_UNUSED_FUNCTION = YES;
				GCC_WARN_UNUSED_VARIABLE = YES;
				IPHONEOS_DEPLOYMENT_TARGET = 10.3;
				MTL_ENABLE_DEBUG_INFO = YES;
				ONLY_ACTIVE_ARCH = YES;
				SDKROOT = iphoneos;
				SWIFT_ACTIVE_COMPILATION_CONDITIONS = DEBUG;
				SWIFT_OPTIMIZATION_LEVEL = "-Onone";
			};
			name = Debug;
		};
		ED6802B41F26E91F00569ACD /* Release */ = {
			isa = XCBuildConfiguration;
			buildSettings = {
				ALWAYS_SEARCH_USER_PATHS = NO;
				CLANG_ANALYZER_NONNULL = YES;
				CLANG_ANALYZER_NUMBER_OBJECT_CONVERSION = YES_AGGRESSIVE;
				CLANG_CXX_LANGUAGE_STANDARD = "gnu++0x";
				CLANG_CXX_LIBRARY = "libc++";
				CLANG_ENABLE_MODULES = YES;
				CLANG_ENABLE_OBJC_ARC = YES;
				CLANG_WARN_BOOL_CONVERSION = YES;
				CLANG_WARN_CONSTANT_CONVERSION = YES;
				CLANG_WARN_DIRECT_OBJC_ISA_USAGE = YES_ERROR;
				CLANG_WARN_DOCUMENTATION_COMMENTS = YES;
				CLANG_WARN_EMPTY_BODY = YES;
				CLANG_WARN_ENUM_CONVERSION = YES;
				CLANG_WARN_INFINITE_RECURSION = YES;
				CLANG_WARN_INT_CONVERSION = YES;
				CLANG_WARN_OBJC_ROOT_CLASS = YES_ERROR;
				CLANG_WARN_SUSPICIOUS_MOVE = YES;
				CLANG_WARN_UNREACHABLE_CODE = YES;
				CLANG_WARN__DUPLICATE_METHOD_MATCH = YES;
				"CODE_SIGN_IDENTITY[sdk=iphoneos*]" = "iPhone Developer";
				COPY_PHASE_STRIP = NO;
				DEBUG_INFORMATION_FORMAT = "dwarf-with-dsym";
				ENABLE_NS_ASSERTIONS = NO;
				ENABLE_STRICT_OBJC_MSGSEND = YES;
				GCC_C_LANGUAGE_STANDARD = gnu99;
				GCC_NO_COMMON_BLOCKS = YES;
				GCC_WARN_64_TO_32_BIT_CONVERSION = YES;
				GCC_WARN_ABOUT_RETURN_TYPE = YES_ERROR;
				GCC_WARN_UNDECLARED_SELECTOR = YES;
				GCC_WARN_UNINITIALIZED_AUTOS = YES_AGGRESSIVE;
				GCC_WARN_UNUSED_FUNCTION = YES;
				GCC_WARN_UNUSED_VARIABLE = YES;
				IPHONEOS_DEPLOYMENT_TARGET = 10.3;
				MTL_ENABLE_DEBUG_INFO = NO;
				SDKROOT = iphoneos;
				SWIFT_OPTIMIZATION_LEVEL = "-Owholemodule";
				VALIDATE_PRODUCT = YES;
			};
			name = Release;
		};
		ED6802B61F26E91F00569ACD /* Debug */ = {
			isa = XCBuildConfiguration;
			buildSettings = {
				ASSETCATALOG_COMPILER_APPICON_NAME = AppIcon;
				DEVELOPMENT_TEAM = 45KX2E2Q3S;
				INFOPLIST_FILE = GHWCustomFont/Info.plist;
				LD_RUNPATH_SEARCH_PATHS = "$(inherited) @executable_path/Frameworks";
				PRODUCT_BUNDLE_IDENTIFIER = com.eLab.guohongwei.GHWCustomFont;
				PRODUCT_NAME = "$(TARGET_NAME)";
				SWIFT_VERSION = 3.0;
			};
			name = Debug;
		};
		ED6802B71F26E91F00569ACD /* Release */ = {
			isa = XCBuildConfiguration;
			buildSettings = {
				ASSETCATALOG_COMPILER_APPICON_NAME = AppIcon;
				DEVELOPMENT_TEAM = 45KX2E2Q3S;
				INFOPLIST_FILE = GHWCustomFont/Info.plist;
				LD_RUNPATH_SEARCH_PATHS = "$(inherited) @executable_path/Frameworks";
				PRODUCT_BUNDLE_IDENTIFIER = com.eLab.guohongwei.GHWCustomFont;
				PRODUCT_NAME = "$(TARGET_NAME)";
				SWIFT_VERSION = 3.0;
			};
			name = Release;
		};
/* End XCBuildConfiguration section */

/* Begin XCConfigurationList section */
		ED68029E1F26E91F00569ACD /* Build configuration list for PBXProject "GHWCustomFont" */ = {
			isa = XCConfigurationList;
			buildConfigurations = (
				ED6802B31F26E91F00569ACD /* Debug */,
				ED6802B41F26E91F00569ACD /* Release */,
			);
			defaultConfigurationIsVisible = 0;
			defaultConfigurationName = Release;
		};
		ED6802B51F26E91F00569ACD /* Build configuration list for PBXNativeTarget "GHWCustomFont" */ = {
			isa = XCConfigurationList;
			buildConfigurations = (
				ED6802B61F26E91F00569ACD /* Debug */,
				ED6802B71F26E91F00569ACD /* Release */,
			);
			defaultConfigurationIsVisible = 0;
		};
/* End XCConfigurationList section */
	};
	rootObject = ED68029B1F26E91F00569ACD /* Project object */;
}
