// !$*UTF8*$!
{
	archiveVersion = 1;
	classes = {
	};
	objectVersion = 46;
	objects = {

/* Begin PBXBuildFile section */
		ED3E9E2E1F2989FD00201831 /* AppDelegate.swift in Sources */ = {isa = PBXBuildFile; fileRef = ED3E9E2D1F2989FD00201831 /* AppDelegate.swift */; };
		ED3E9E351F2989FD00201831 /* Assets.xcassets in Resources */ = {isa = PBXBuildFile; fileRef = ED3E9E341F2989FD00201831 /* Assets.xcassets */; };
		ED3E9E381F2989FD00201831 /* LaunchScreen.storyboard in Resources */ = {isa = PBXBuildFile; fileRef = ED3E9E361F2989FD00201831 /* LaunchScreen.storyboard */; };
		ED3E9E401F298A1500201831 /* GHWMainViewController.swift in Sources */ = {isa = PBXBuildFile; fileRef = ED3E9E3F1F298A1500201831 /* GHWMainViewController.swift */; };
		ED3E9E421F298A2200201831 /* GHWConfig.swift in Sources */ = {isa = PBXBuildFile; fileRef = ED3E9E411F298A2200201831 /* GHWConfig.swift */; };
		ED3E9E441F298A5500201831 /* moments.mp4 in Resources */ = {isa = PBXBuildFile; fileRef = ED3E9E431F298A5500201831 /* moments.mp4 */; };
		ED3E9E461F298BC400201831 /* buttonExtension.swift in Sources */ = {isa = PBXBuildFile; fileRef = ED3E9E451F298BC400201831 /* buttonExtension.swift */; };
/* End PBXBuildFile section */

/* Begin PBXFileReference section */
		ED3E9E2A1F2989FD00201831 /* 10GHWVideoBackground.app */ = {isa = PBXFileReference; explicitFileType = wrapper.application; includeInIndex = 0; path = 10GHWVideoBackground.app; sourceTree = BUILT_PRODUCTS_DIR; };
		ED3E9E2D1F2989FD00201831 /* AppDelegate.swift */ = {isa = PBXFileReference; lastKnownFileType = sourcecode.swift; path = AppDelegate.swift; sourceTree = "<group>"; };
		ED3E9E341F2989FD00201831 /* Assets.xcassets */ = {isa = PBXFileReference; lastKnownFileType = folder.assetcatalog; path = Assets.xcassets; sourceTree = "<group>"; };
		ED3E9E371F2989FD00201831 /* Base */ = {isa = PBXFileReference; lastKnownFileType = file.storyboard; name = Base; path = Base.lproj/LaunchScreen.storyboard; sourceTree = "<group>"; };
		ED3E9E391F2989FD00201831 /* Info.plist */ = {isa = PBXFileReference; lastKnownFileType = text.plist.xml; path = Info.plist; sourceTree = "<group>"; };
		ED3E9E3F1F298A1500201831 /* GHWMainViewController.swift */ = {isa = PBXFileReference; fileEncoding = 4; lastKnownFileType = sourcecode.swift; path = GHWMainViewController.swift; sourceTree = "<group>"; };
		ED3E9E411F298A2200201831 /* GHWConfig.swift */ = {isa = PBXFileReference; fileEncoding = 4; lastKnownFileType = sourcecode.swift; path = GHWConfig.swift; sourceTree = "<group>"; };
		ED3E9E431F298A5500201831 /* moments.mp4 */ = {isa = PBXFileReference; lastKnownFileType = file; path = moments.mp4; sourceTree = "<group>"; };
		ED3E9E451F298BC400201831 /* buttonExtension.swift */ = {isa = PBXFileReference; fileEncoding = 4; lastKnownFileType = sourcecode.swift; path = buttonExtension.swift; sourceTree = "<group>"; };
/* End PBXFileReference section */

/* Begin PBXFrameworksBuildPhase section */
		ED3E9E271F2989FD00201831 /* Frameworks */ = {
			isa = PBXFrameworksBuildPhase;
			buildActionMask = 2147483647;
			files = (
			);
			runOnlyForDeploymentPostprocessing = 0;
		};
/* End PBXFrameworksBuildPhase section */

/* Begin PBXGroup section */
		ED3E9E211F2989FD00201831 = {
			isa = PBXGroup;
			children = (
				ED3E9E2C1F2989FD00201831 /* 10GHWVideoBackground */,
				ED3E9E2B1F2989FD00201831 /* Products */,
			);
			sourceTree = "<group>";
		};
		ED3E9E2B1F2989FD00201831 /* Products */ = {
			isa = PBXGroup;
			children = (
				ED3E9E2A1F2989FD00201831 /* 10GHWVideoBackground.app */,
			);
			name = Products;
			sourceTree = "<group>";
		};
		ED3E9E2C1F2989FD00201831 /* 10GHWVideoBackground */ = {
			isa = PBXGroup;
			children = (
				ED3E9E431F298A5500201831 /* moments.mp4 */,
				ED3E9E2D1F2989FD00201831 /* AppDelegate.swift */,
				ED3E9E341F2989FD00201831 /* Assets.xcassets */,
				ED3E9E361F2989FD00201831 /* LaunchScreen.storyboard */,
				ED3E9E391F2989FD00201831 /* Info.plist */,
				ED3E9E3F1F298A1500201831 /* GHWMainViewController.swift */,
				ED3E9E411F298A2200201831 /* GHWConfig.swift */,
				ED3E9E451F298BC400201831 /* buttonExtension.swift */,
			);
			path = 10GHWVideoBackground;
			sourceTree = "<group>";
		};
/* End PBXGroup section */

/* Begin PBXNativeTarget section */
		ED3E9E291F2989FD00201831 /* 10GHWVideoBackground */ = {
			isa = PBXNativeTarget;
			buildConfigurationList = ED3E9E3C1F2989FD00201831 /* Build configuration list for PBXNativeTarget "10GHWVideoBackground" */;
			buildPhases = (
				ED3E9E261F2989FD00201831 /* Sources */,
				ED3E9E271F2989FD00201831 /* Frameworks */,
				ED3E9E281F2989FD00201831 /* Resources */,
			);
			buildRules = (
			);
			dependencies = (
			);
			name = 10GHWVideoBackground;
			productName = 10GHWVideoBackground;
			productReference = ED3E9E2A1F2989FD00201831 /* 10GHWVideoBackground.app */;
			productType = "com.apple.product-type.application";
		};
/* End PBXNativeTarget section */

/* Begin PBXProject section */
		ED3E9E221F2989FD00201831 /* Project object */ = {
			isa = PBXProject;
			attributes = {
				LastSwiftUpdateCheck = 0830;
				LastUpgradeCheck = 0830;
				ORGANIZATIONNAME = "郭宏伟";
				TargetAttributes = {
					ED3E9E291F2989FD00201831 = {
						CreatedOnToolsVersion = 8.3.2;
						DevelopmentTeam = 45KX2E2Q3S;
						ProvisioningStyle = Automatic;
					};
				};
			};
			buildConfigurationList = ED3E9E251F2989FD00201831 /* Build configuration list for PBXProject "10GHWVideoBackground" */;
			compatibilityVersion = "Xcode 3.2";
			developmentRegion = English;
			hasScannedForEncodings = 0;
			knownRegions = (
				en,
				Base,
			);
			mainGroup = ED3E9E211F2989FD00201831;
			productRefGroup = ED3E9E2B1F2989FD00201831 /* Products */;
			projectDirPath = "";
			projectRoot = "";
			targets = (
				ED3E9E291F2989FD00201831 /* 10GHWVideoBackground */,
			);
		};
/* End PBXProject section */

/* Begin PBXResourcesBuildPhase section */
		ED3E9E281F2989FD00201831 /* Resources */ = {
			isa = PBXResourcesBuildPhase;
			buildActionMask = 2147483647;
			files = (
				ED3E9E441F298A5500201831 /* moments.mp4 in Resources */,
				ED3E9E381F2989FD00201831 /* LaunchScreen.storyboard in Resources */,
				ED3E9E351F2989FD00201831 /* Assets.xcassets in Resources */,
			);
			runOnlyForDeploymentPostprocessing = 0;
		};
/* End PBXResourcesBuildPhase section */

/* Begin PBXSourcesBuildPhase section */
		ED3E9E261F2989FD00201831 /* Sources */ = {
			isa = PBXSourcesBuildPhase;
			buildActionMask = 2147483647;
			files = (
				ED3E9E421F298A2200201831 /* GHWConfig.swift in Sources */,
				ED3E9E461F298BC400201831 /* buttonExtension.swift in Sources */,
				ED3E9E401F298A1500201831 /* GHWMainViewController.swift in Sources */,
				ED3E9E2E1F2989FD00201831 /* AppDelegate.swift in Sources */,
			);
			runOnlyForDeploymentPostprocessing = 0;
		};
/* End PBXSourcesBuildPhase section */

/* Begin PBXVariantGroup section */
		ED3E9E361F2989FD00201831 /* LaunchScreen.storyboard */ = {
			isa = PBXVariantGroup;
			children = (
				ED3E9E371F2989FD00201831 /* Base */,
			);
			name = LaunchScreen.storyboard;
			sourceTree = "<group>";
		};
/* End PBXVariantGroup section */

/* Begin XCBuildConfiguration section */
		ED3E9E3A1F2989FD00201831 /* Debug */ = {
			isa = XCBuildConfiguration;
			buildSettings = {
				ALWAYS_SEARCH_USER_PATHS = NO;
				CLANG_ANALYZER_NONNULL = YES;
				CLANG_ANALYZER_NUMBER_OBJECT_CONVERSION = YES_AGGRESSIVE;
				CLANG_CXX_LANGUAGE_STANDARD = "gnu++0x";
				CLANG_CXX_LIBRARY = "libc++";
				CLANG_ENABLE_MODULES = YES;
				CLANG_ENABLE_OBJC_ARC = YES;
				CLANG_WARN_BOOL_CONVERSION = YES;
				CLANG_WARN_CONSTANT_CONVERSION = YES;
				CLANG_WARN_DIRECT_OBJC_ISA_USAGE = YES_ERROR;
				CLANG_WARN_DOCUMENTATION_COMMENTS = YES;
				CLANG_WARN_EMPTY_BODY = YES;
				CLANG_WARN_ENUM_CONVERSION = YES;
				CLANG_WARN_INFINITE_RECURSION = YES;
				CLANG_WARN_INT_CONVERSION = YES;
				CLANG_WARN_OBJC_ROOT_CLASS = YES_ERROR;
				CLANG_WARN_SUSPICIOUS_MOVE = YES;
				CLANG_WARN_UNREACHABLE_CODE = YES;
				CLANG_WARN__DUPLICATE_METHOD_MATCH = YES;
				"CODE_SIGN_IDENTITY[sdk=iphoneos*]" = "iPhone Developer";
				COPY_PHASE_STRIP = NO;
				DEBUG_INFORMATION_FORMAT = dwarf;
				ENABLE_STRICT_OBJC_MSGSEND = YES;
				ENABLE_TESTABILITY = YES;
				GCC_C_LANGUAGE_STANDARD = gnu99;
				GCC_DYNAMIC_NO_PIC = NO;
				GCC_NO_COMMON_BLOCKS = YES;
				GCC_OPTIMIZATION_LEVEL = 0;
				GCC_PREPROCESSOR_DEFINITIONS = (
					"DEBUG=1",
					"$(inherited)",
				);
				GCC_WARN_64_TO_32_BIT_CONVERSION = YES;
				GCC_WARN_ABOUT_RETURN_TYPE = YES_ERROR;
				GCC_WARN_UNDECLARED_SELECTOR = YES;
				GCC_WARN_UNINITIALIZED_AUTOS = YES_AGGRESSIVE;
				GCC_WARN_UNUSED_FUNCTION = YES;
				GCC_WARN_UNUSED_VARIABLE = YES;
				IPHONEOS_DEPLOYMENT_TARGET = 10.3;
				MTL_ENABLE_DEBUG_INFO = YES;
				ONLY_ACTIVE_ARCH = YES;
				SDKROOT = iphoneos;
				SWIFT_ACTIVE_COMPILATION_CONDITIONS = DEBUG;
				SWIFT_OPTIMIZATION_LEVEL = "-Onone";
			};
			name = Debug;
		};
		ED3E9E3B1F2989FD00201831 /* Release */ = {
			isa = XCBuildConfiguration;
			buildSettings = {
				ALWAYS_SEARCH_USER_PATHS = NO;
				CLANG_ANALYZER_NONNULL = YES;
				CLANG_ANALYZER_NUMBER_OBJECT_CONVERSION = YES_AGGRESSIVE;
				CLANG_CXX_LANGUAGE_STANDARD = "gnu++0x";
				CLANG_CXX_LIBRARY = "libc++";
				CLANG_ENABLE_MODULES = YES;
				CLANG_ENABLE_OBJC_ARC = YES;
				CLANG_WARN_BOOL_CONVERSION = YES;
				CLANG_WARN_CONSTANT_CONVERSION = YES;
				CLANG_WARN_DIRECT_OBJC_ISA_USAGE = YES_ERROR;
				CLANG_WARN_DOCUMENTATION_COMMENTS = YES;
				CLANG_WARN_EMPTY_BODY = YES;
				CLANG_WARN_ENUM_CONVERSION = YES;
				CLANG_WARN_INFINITE_RECURSION = YES;
				CLANG_WARN_INT_CONVERSION = YES;
				CLANG_WARN_OBJC_ROOT_CLASS = YES_ERROR;
				CLANG_WARN_SUSPICIOUS_MOVE = YES;
				CLANG_WARN_UNREACHABLE_CODE = YES;
				CLANG_WARN__DUPLICATE_METHOD_MATCH = YES;
				"CODE_SIGN_IDENTITY[sdk=iphoneos*]" = "iPhone Developer";
				COPY_PHASE_STRIP = NO;
				DEBUG_INFORMATION_FORMAT = "dwarf-with-dsym";
				ENABLE_NS_ASSERTIONS = NO;
				ENABLE_STRICT_OBJC_MSGSEND = YES;
				GCC_C_LANGUAGE_STANDARD = gnu99;
				GCC_NO_COMMON_BLOCKS = YES;
				GCC_WARN_64_TO_32_BIT_CONVERSION = YES;
				GCC_WARN_ABOUT_RETURN_TYPE = YES_ERROR;
				GCC_WARN_UNDECLARED_SELECTOR = YES;
				GCC_WARN_UNINITIALIZED_AUTOS = YES_AGGRESSIVE;
				GCC_WARN_UNUSED_FUNCTION = YES;
				GCC_WARN_UNUSED_VARIABLE = YES;
				IPHONEOS_DEPLOYMENT_TARGET = 10.3;
				MTL_ENABLE_DEBUG_INFO = NO;
				SDKROOT = iphoneos;
				SWIFT_OPTIMIZATION_LEVEL = "-Owholemodule";
				VALIDATE_PRODUCT = YES;
			};
			name = Release;
		};
		ED3E9E3D1F2989FD00201831 /* Debug */ = {
			isa = XCBuildConfiguration;
			buildSettings = {
				ASSETCATALOG_COMPILER_APPICON_NAME = AppIcon;
				DEVELOPMENT_TEAM = 45KX2E2Q3S;
				INFOPLIST_FILE = 10GHWVideoBackground/Info.plist;
				LD_RUNPATH_SEARCH_PATHS = "$(inherited) @executable_path/Frameworks";
				PRODUCT_BUNDLE_IDENTIFIER = "com.eLab.guohongwei.-0GHWVideoBackground";
				PRODUCT_NAME = "$(TARGET_NAME)";
				SWIFT_VERSION = 3.0;
			};
			name = Debug;
		};
		ED3E9E3E1F2989FD00201831 /* Release */ = {
			isa = XCBuildConfiguration;
			buildSettings = {
				ASSETCATALOG_COMPILER_APPICON_NAME = AppIcon;
				DEVELOPMENT_TEAM = 45KX2E2Q3S;
				INFOPLIST_FILE = 10GHWVideoBackground/Info.plist;
				LD_RUNPATH_SEARCH_PATHS = "$(inherited) @executable_path/Frameworks";
				PRODUCT_BUNDLE_IDENTIFIER = "com.eLab.guohongwei.-0GHWVideoBackground";
				PRODUCT_NAME = "$(TARGET_NAME)";
				SWIFT_VERSION = 3.0;
			};
			name = Release;
		};
/* End XCBuildConfiguration section */

/* Begin XCConfigurationList section */
		ED3E9E251F2989FD00201831 /* Build configuration list for PBXProject "10GHWVideoBackground" */ = {
			isa = XCConfigurationList;
			buildConfigurations = (
				ED3E9E3A1F2989FD00201831 /* Debug */,
				ED3E9E3B1F2989FD00201831 /* Release */,
			);
			defaultConfigurationIsVisible = 0;
			defaultConfigurationName = Release;
		};
		ED3E9E3C1F2989FD00201831 /* Build configuration list for PBXNativeTarget "10GHWVideoBackground" */ = {
			isa = XCConfigurationList;
			buildConfigurations = (
				ED3E9E3D1F2989FD00201831 /* Debug */,
				ED3E9E3E1F2989FD00201831 /* Release */,
			);
			defaultConfigurationIsVisible = 0;
		};
/* End XCConfigurationList section */
	};
	rootObject = ED3E9E221F2989FD00201831 /* Project object */;
}
